github.com/go-gl/glfw/v3.3/glfw v0.0.0-20221017161538-93cebf72946b h1:GgabKamyOYguHqHjSkDACcgoPIz3w0Dis/zJ1wyHHHU=
github.com/go-gl/glfw/v3.3/glfw v0.0.0-20221017161538-93cebf72946b/go.mod h1:tQ2UAYgL5IevRw8kRxooKSPJfGvJ9fJQFa0TUsXzTg8=
github.com/rajveermalviya/go-webgpu/wgpu v0.1.5 h1:6Xbo7TusUH3bqWarBBDz4BaUAdNDMeDjWPuoCoHiB2U=
github.com/rajveermalviya/go-webgpu/wgpu v0.1.5/go.mod h1:ZyYcOsuRgrGD7vdocfGC49TlJVlNTX7DMo60aWQ2bNI=
golang.org/x/sys v0.0.0-20220403020550-483a9cbc67c0 h1:PgUUmg0gNMIPY2WafhL/oLyQGw+kdTNPlVWOjltpp3w=
golang.org/x/sys v0.0.0-20220403020550-483a9cbc67c0/go.mod h1:oPkhp1MJrh7nUepCBck5+mAzfO9JrbApNNgaTdGDITg=
