github.com/go-gl/glfw/v3.3/glfw v0.0.0-20211213063430-748e38ca8aec h1:3FLiRYO6PlQFDpUU7OEFlWgjGD1jnBIVSJ5SYRWk+9c=
github.com/go-gl/glfw/v3.3/glfw v0.0.0-20211213063430-748e38ca8aec/go.mod h1:tQ2UAYgL5IevRw8kRxooKSPJfGvJ9fJQFa0TUsXzTg8=
github.com/rajveermalviya/go-webgpu/wgpu v0.0.0-20220114100611-485e8eae5b30 h1:NrjtNwmhSxSnxEkxSjQhZJSstssV3Da6evcnzYpgmoU=
github.com/rajveermalviya/go-webgpu/wgpu v0.0.0-20220114100611-485e8eae5b30/go.mod h1:uA4SHRL/iJnTxYAYuiqD/2Bz4pnHYu+bKo5be1DX1I0=
