github.com/go-gl/glfw/v3.3/glfw v0.0.0-20211213063430-748e38ca8aec h1:3FLiRYO6PlQFDpUU7OEFlWgjGD1jnBIVSJ5SYRWk+9c=
github.com/go-gl/glfw/v3.3/glfw v0.0.0-20211213063430-748e38ca8aec/go.mod h1:tQ2UAYgL5IevRw8kRxooKSPJfGvJ9fJQFa0TUsXzTg8=
github.com/rajveermalviya/go-webgpu/wgpu v0.0.0-20220109190905-8e8c2eac0667 h1:hF/BgTjlRYX8I+oXFEGY0x6ipyy4h8uBz+YQMBFIeec=
github.com/rajveermalviya/go-webgpu/wgpu v0.0.0-20220109190905-8e8c2eac0667/go.mod h1:uA4SHRL/iJnTxYAYuiqD/2Bz4pnHYu+bKo5be1DX1I0=
