github.com/go-gl/glfw/v3.3/glfw v0.0.0-20211213063430-748e38ca8aec h1:3FLiRYO6PlQFDpUU7OEFlWgjGD1jnBIVSJ5SYRWk+9c=
github.com/go-gl/glfw/v3.3/glfw v0.0.0-20211213063430-748e38ca8aec/go.mod h1:tQ2UAYgL5IevRw8kRxooKSPJfGvJ9fJQFa0TUsXzTg8=
github.com/rajveermalviya/go-webgpu/wgpu v0.0.0-20220108183758-d3d36fe658a1 h1:eVxlLQd5l0LUPhZaE9wdLW+NqCcZuybZ+5ZgBOTtcMI=
github.com/rajveermalviya/go-webgpu/wgpu v0.0.0-20220108183758-d3d36fe658a1/go.mod h1:uA4SHRL/iJnTxYAYuiqD/2Bz4pnHYu+bKo5be1DX1I0=
