github.com/go-gl/glfw/v3.3/glfw v0.0.0-20211213063430-748e38ca8aec h1:3FLiRYO6PlQFDpUU7OEFlWgjGD1jnBIVSJ5SYRWk+9c=
github.com/go-gl/glfw/v3.3/glfw v0.0.0-20211213063430-748e38ca8aec/go.mod h1:tQ2UAYgL5IevRw8kRxooKSPJfGvJ9fJQFa0TUsXzTg8=
github.com/rajveermalviya/go-webgpu/wgpu v0.0.0-20220109190449-e2909fe328c3 h1:ufLGwP3QU7WxOaN7ZOuOcC9KlyWwo4LnLsSu9thQ4vo=
github.com/rajveermalviya/go-webgpu/wgpu v0.0.0-20220109190449-e2909fe328c3/go.mod h1:uA4SHRL/iJnTxYAYuiqD/2Bz4pnHYu+bKo5be1DX1I0=
